
Microsoft Visual Studio Solution File, Format Version 12.00
# Visual Studio Version 17
VisualStudioVersion = 17.4.33110.190
MinimumVisualStudioVersion = 10.0.40219.1
Project("{9A19103F-16F7-4668-BE54-9A1E7A4F7556}") = "Lab7CharpTest", "..\..\..\Desktop\ЧНУ\3 course\1 half\кпп\Lab7\Lab7CharpTest\Lab7CharpTest.csproj", "{7BE4F612-3B91-4964-A8BF-E98F43D8ADD2}"
EndProject
Global
	GlobalSection(SolutionConfigurationPlatforms) = preSolution
		Debug|Any CPU = Debug|Any CPU
		Release|Any CPU = Release|Any CPU
	EndGlobalSection
	GlobalSection(ProjectConfigurationPlatforms) = postSolution
		{7BE4F612-3B91-4964-A8BF-E98F43D8ADD2}.Debug|Any CPU.ActiveCfg = Debug|Any CPU
		{7BE4F612-3B91-4964-A8BF-E98F43D8ADD2}.Debug|Any CPU.Build.0 = Debug|Any CPU
		{7BE4F612-3B91-4964-A8BF-E98F43D8ADD2}.Release|Any CPU.ActiveCfg = Release|Any CPU
		{7BE4F612-3B91-4964-A8BF-E98F43D8ADD2}.Release|Any CPU.Build.0 = Release|Any CPU
	EndGlobalSection
	GlobalSection(SolutionProperties) = preSolution
		HideSolutionNode = FALSE
	EndGlobalSection
	GlobalSection(ExtensibilityGlobals) = postSolution
		SolutionGuid = {426C1D21-6E84-415A-9346-6E4FB60C07BC}
	EndGlobalSection
EndGlobal
